
Microsoft Visual Studio Solution File, Format Version 12.00
# Visual Studio 14
VisualStudioVersion = 14.0.23107.0
MinimumVisualStudioVersion = 10.0.40219.1
Project("{FAE04EC0-301F-11D3-BF4B-00C04F79EFBC}") = "CAEGraph", "CAEGraph\CAEGraph.csproj", "{17433E4F-424A-41E9-92B1-5A065BCB973C}"
EndProject
Project("{FAE04EC0-301F-11D3-BF4B-00C04F79EFBC}") = "CAEGraph.Tests", "CAEGraph.Tests\CAEGraph.Tests.csproj", "{05A04AA7-4058-423F-BF2E-D1EEF5BE2940}"
EndProject
Project("{FAE04EC0-301F-11D3-BF4B-00C04F79EFBC}") = "CAEGraph.Data", "CAEGraph.Data\CAEGraph.Data.csproj", "{94E8255A-7A14-4F42-84A9-4D4878F1317D}"
EndProject
Project("{FAE04EC0-301F-11D3-BF4B-00C04F79EFBC}") = "CAEGraph.Services", "CAEGraph.Services\CAEGraph.Services.csproj", "{B573BB1D-18B2-4F4B-9C71-832A787A9A69}"
EndProject
Global
	GlobalSection(SolutionConfigurationPlatforms) = preSolution
		Debug|Any CPU = Debug|Any CPU
		Release|Any CPU = Release|Any CPU
	EndGlobalSection
	GlobalSection(ProjectConfigurationPlatforms) = postSolution
		{17433E4F-424A-41E9-92B1-5A065BCB973C}.Debug|Any CPU.ActiveCfg = Debug|Any CPU
		{17433E4F-424A-41E9-92B1-5A065BCB973C}.Debug|Any CPU.Build.0 = Debug|Any CPU
		{17433E4F-424A-41E9-92B1-5A065BCB973C}.Release|Any CPU.ActiveCfg = Release|Any CPU
		{17433E4F-424A-41E9-92B1-5A065BCB973C}.Release|Any CPU.Build.0 = Release|Any CPU
		{05A04AA7-4058-423F-BF2E-D1EEF5BE2940}.Debug|Any CPU.ActiveCfg = Debug|Any CPU
		{05A04AA7-4058-423F-BF2E-D1EEF5BE2940}.Debug|Any CPU.Build.0 = Debug|Any CPU
		{05A04AA7-4058-423F-BF2E-D1EEF5BE2940}.Release|Any CPU.ActiveCfg = Release|Any CPU
		{05A04AA7-4058-423F-BF2E-D1EEF5BE2940}.Release|Any CPU.Build.0 = Release|Any CPU
		{94E8255A-7A14-4F42-84A9-4D4878F1317D}.Debug|Any CPU.ActiveCfg = Debug|Any CPU
		{94E8255A-7A14-4F42-84A9-4D4878F1317D}.Debug|Any CPU.Build.0 = Debug|Any CPU
		{94E8255A-7A14-4F42-84A9-4D4878F1317D}.Release|Any CPU.ActiveCfg = Release|Any CPU
		{94E8255A-7A14-4F42-84A9-4D4878F1317D}.Release|Any CPU.Build.0 = Release|Any CPU
		{B573BB1D-18B2-4F4B-9C71-832A787A9A69}.Debug|Any CPU.ActiveCfg = Debug|Any CPU
		{B573BB1D-18B2-4F4B-9C71-832A787A9A69}.Debug|Any CPU.Build.0 = Debug|Any CPU
		{B573BB1D-18B2-4F4B-9C71-832A787A9A69}.Release|Any CPU.ActiveCfg = Release|Any CPU
		{B573BB1D-18B2-4F4B-9C71-832A787A9A69}.Release|Any CPU.Build.0 = Release|Any CPU
	EndGlobalSection
	GlobalSection(SolutionProperties) = preSolution
		HideSolutionNode = FALSE
	EndGlobalSection
EndGlobal
